// !$*UTF8*$!
{
	archiveVersion = 1;
	classes = {
	};
	objectVersion = 46;
	objects = {

/* Begin PBXBuildFile section */
		620114BA1B50E03600EDF945 /* main.m in Sources */ = {isa = PBXBuildFile; fileRef = 620114B91B50E03600EDF945 /* main.m */; };
		620114BD1B50E03600EDF945 /* AppDelegate.m in Sources */ = {isa = PBXBuildFile; fileRef = 620114BC1B50E03600EDF945 /* AppDelegate.m */; };
		620114C01B50E03600EDF945 /* Crossroads.xcdatamodeld in Sources */ = {isa = PBXBuildFile; fileRef = 620114BE1B50E03600EDF945 /* Crossroads.xcdatamodeld */; };
		620114C31B50E03600EDF945 /* InitialViewController.m in Sources */ = {isa = PBXBuildFile; fileRef = 620114C21B50E03600EDF945 /* InitialViewController.m */; };
		620114C61B50E03600EDF945 /* Main.storyboard in Resources */ = {isa = PBXBuildFile; fileRef = 620114C41B50E03600EDF945 /* Main.storyboard */; };
		620114C81B50E03600EDF945 /* Images.xcassets in Resources */ = {isa = PBXBuildFile; fileRef = 620114C71B50E03600EDF945 /* Images.xcassets */; };
		620114CB1B50E03600EDF945 /* LaunchScreen.xib in Resources */ = {isa = PBXBuildFile; fileRef = 620114C91B50E03600EDF945 /* LaunchScreen.xib */; };
		620114D71B50E03600EDF945 /* CrossroadsTests.m in Sources */ = {isa = PBXBuildFile; fileRef = 620114D61B50E03600EDF945 /* CrossroadsTests.m */; };
		620114E11B51CD8F00EDF945 /* AudioToolbox.framework in Frameworks */ = {isa = PBXBuildFile; fileRef = 620114E01B51CD8F00EDF945 /* AudioToolbox.framework */; };
		620114E31B51CD9600EDF945 /* CFNetwork.framework in Frameworks */ = {isa = PBXBuildFile; fileRef = 620114E21B51CD9600EDF945 /* CFNetwork.framework */; };
		620114E51B51CD9B00EDF945 /* CoreGraphics.framework in Frameworks */ = {isa = PBXBuildFile; fileRef = 620114E41B51CD9B00EDF945 /* CoreGraphics.framework */; };
		620114E71B51CDA200EDF945 /* CoreLocation.framework in Frameworks */ = {isa = PBXBuildFile; fileRef = 620114E61B51CDA200EDF945 /* CoreLocation.framework */; };
		620114E91B51CDAD00EDF945 /* MobileCoreServices.framework in Frameworks */ = {isa = PBXBuildFile; fileRef = 620114E81B51CDAD00EDF945 /* MobileCoreServices.framework */; };
		620114EB1B51CDB300EDF945 /* QuartzCore.framework in Frameworks */ = {isa = PBXBuildFile; fileRef = 620114EA1B51CDB300EDF945 /* QuartzCore.framework */; };
		620114ED1B51CDBA00EDF945 /* Security.framework in Frameworks */ = {isa = PBXBuildFile; fileRef = 620114EC1B51CDBA00EDF945 /* Security.framework */; };
		620114EF1B51CDBF00EDF945 /* StoreKit.framework in Frameworks */ = {isa = PBXBuildFile; fileRef = 620114EE1B51CDBF00EDF945 /* StoreKit.framework */; };
		620114F11B51CDC800EDF945 /* SystemConfiguration.framework in Frameworks */ = {isa = PBXBuildFile; fileRef = 620114F01B51CDC800EDF945 /* SystemConfiguration.framework */; };
		620114F31B51CDD400EDF945 /* libz.dylib in Frameworks */ = {isa = PBXBuildFile; fileRef = 620114F21B51CDD400EDF945 /* libz.dylib */; };
		620114F51B51CDE000EDF945 /* libsqlite3.dylib in Frameworks */ = {isa = PBXBuildFile; fileRef = 620114F41B51CDE000EDF945 /* libsqlite3.dylib */; };
		620114F71B51CDEC00EDF945 /* Accounts.framework in Frameworks */ = {isa = PBXBuildFile; fileRef = 620114F61B51CDEC00EDF945 /* Accounts.framework */; };
		620114F91B51CDF700EDF945 /* Social.framework in Frameworks */ = {isa = PBXBuildFile; fileRef = 620114F81B51CDF700EDF945 /* Social.framework */; };
		620114FB1B51CE1900EDF945 /* parse-library-1 in Resources */ = {isa = PBXBuildFile; fileRef = 620114FA1B51CE1900EDF945 /* parse-library-1 */; };
		620115021B51CF0D00EDF945 /* Bolts.framework in Frameworks */ = {isa = PBXBuildFile; fileRef = 620114FC1B51CF0D00EDF945 /* Bolts.framework */; };
		620115031B51CF0D00EDF945 /* Parse.framework in Frameworks */ = {isa = PBXBuildFile; fileRef = 620114FD1B51CF0D00EDF945 /* Parse.framework */; };
		620115041B51CF0D00EDF945 /* ParseCrashReporting.framework in Frameworks */ = {isa = PBXBuildFile; fileRef = 620114FE1B51CF0D00EDF945 /* ParseCrashReporting.framework */; };
		620115051B51CF0D00EDF945 /* ParseFacebookUtils.framework in Frameworks */ = {isa = PBXBuildFile; fileRef = 620114FF1B51CF0D00EDF945 /* ParseFacebookUtils.framework */; };
		620115061B51CF0D00EDF945 /* ParseFacebookUtilsV4.framework in Frameworks */ = {isa = PBXBuildFile; fileRef = 620115001B51CF0D00EDF945 /* ParseFacebookUtilsV4.framework */; };
		620115071B51CF0D00EDF945 /* ParseUI.framework in Frameworks */ = {isa = PBXBuildFile; fileRef = 620115011B51CF0D00EDF945 /* ParseUI.framework */; };
/* End PBXBuildFile section */

/* Begin PBXContainerItemProxy section */
		620114D11B50E03600EDF945 /* PBXContainerItemProxy */ = {
			isa = PBXContainerItemProxy;
			containerPortal = 620114AC1B50E03500EDF945 /* Project object */;
			proxyType = 1;
			remoteGlobalIDString = 620114B31B50E03600EDF945;
			remoteInfo = Crossroads;
		};
/* End PBXContainerItemProxy section */

/* Begin PBXFileReference section */
		620114B41B50E03600EDF945 /* Crossroads.app */ = {isa = PBXFileReference; explicitFileType = wrapper.application; includeInIndex = 0; path = Crossroads.app; sourceTree = BUILT_PRODUCTS_DIR; };
		620114B81B50E03600EDF945 /* Info.plist */ = {isa = PBXFileReference; lastKnownFileType = text.plist.xml; path = Info.plist; sourceTree = "<group>"; };
		620114B91B50E03600EDF945 /* main.m */ = {isa = PBXFileReference; lastKnownFileType = sourcecode.c.objc; path = main.m; sourceTree = "<group>"; };
		620114BB1B50E03600EDF945 /* AppDelegate.h */ = {isa = PBXFileReference; lastKnownFileType = sourcecode.c.h; path = AppDelegate.h; sourceTree = "<group>"; };
		620114BC1B50E03600EDF945 /* AppDelegate.m */ = {isa = PBXFileReference; lastKnownFileType = sourcecode.c.objc; path = AppDelegate.m; sourceTree = "<group>"; };
		620114BF1B50E03600EDF945 /* Crossroads.xcdatamodel */ = {isa = PBXFileReference; lastKnownFileType = wrapper.xcdatamodel; path = Crossroads.xcdatamodel; sourceTree = "<group>"; };
		620114C11B50E03600EDF945 /* InitialViewController.h */ = {isa = PBXFileReference; lastKnownFileType = sourcecode.c.h; path = InitialViewController.h; sourceTree = "<group>"; };
		620114C21B50E03600EDF945 /* InitialViewController.m */ = {isa = PBXFileReference; lastKnownFileType = sourcecode.c.objc; path = InitialViewController.m; sourceTree = "<group>"; };
		620114C51B50E03600EDF945 /* Base */ = {isa = PBXFileReference; lastKnownFileType = file.storyboard; name = Base; path = Base.lproj/Main.storyboard; sourceTree = "<group>"; };
		620114C71B50E03600EDF945 /* Images.xcassets */ = {isa = PBXFileReference; lastKnownFileType = folder.assetcatalog; path = Images.xcassets; sourceTree = "<group>"; };
		620114CA1B50E03600EDF945 /* Base */ = {isa = PBXFileReference; lastKnownFileType = file.xib; name = Base; path = Base.lproj/LaunchScreen.xib; sourceTree = "<group>"; };
		620114D01B50E03600EDF945 /* CrossroadsTests.xctest */ = {isa = PBXFileReference; explicitFileType = wrapper.cfbundle; includeInIndex = 0; path = CrossroadsTests.xctest; sourceTree = BUILT_PRODUCTS_DIR; };
		620114D51B50E03600EDF945 /* Info.plist */ = {isa = PBXFileReference; lastKnownFileType = text.plist.xml; path = Info.plist; sourceTree = "<group>"; };
		620114D61B50E03600EDF945 /* CrossroadsTests.m */ = {isa = PBXFileReference; lastKnownFileType = sourcecode.c.objc; path = CrossroadsTests.m; sourceTree = "<group>"; };
		620114E01B51CD8F00EDF945 /* AudioToolbox.framework */ = {isa = PBXFileReference; lastKnownFileType = wrapper.framework; name = AudioToolbox.framework; path = System/Library/Frameworks/AudioToolbox.framework; sourceTree = SDKROOT; };
		620114E21B51CD9600EDF945 /* CFNetwork.framework */ = {isa = PBXFileReference; lastKnownFileType = wrapper.framework; name = CFNetwork.framework; path = System/Library/Frameworks/CFNetwork.framework; sourceTree = SDKROOT; };
		620114E41B51CD9B00EDF945 /* CoreGraphics.framework */ = {isa = PBXFileReference; lastKnownFileType = wrapper.framework; name = CoreGraphics.framework; path = System/Library/Frameworks/CoreGraphics.framework; sourceTree = SDKROOT; };
		620114E61B51CDA200EDF945 /* CoreLocation.framework */ = {isa = PBXFileReference; lastKnownFileType = wrapper.framework; name = CoreLocation.framework; path = System/Library/Frameworks/CoreLocation.framework; sourceTree = SDKROOT; };
		620114E81B51CDAD00EDF945 /* MobileCoreServices.framework */ = {isa = PBXFileReference; lastKnownFileType = wrapper.framework; name = MobileCoreServices.framework; path = System/Library/Frameworks/MobileCoreServices.framework; sourceTree = SDKROOT; };
		620114EA1B51CDB300EDF945 /* QuartzCore.framework */ = {isa = PBXFileReference; lastKnownFileType = wrapper.framework; name = QuartzCore.framework; path = System/Library/Frameworks/QuartzCore.framework; sourceTree = SDKROOT; };
		620114EC1B51CDBA00EDF945 /* Security.framework */ = {isa = PBXFileReference; lastKnownFileType = wrapper.framework; name = Security.framework; path = System/Library/Frameworks/Security.framework; sourceTree = SDKROOT; };
		620114EE1B51CDBF00EDF945 /* StoreKit.framework */ = {isa = PBXFileReference; lastKnownFileType = wrapper.framework; name = StoreKit.framework; path = System/Library/Frameworks/StoreKit.framework; sourceTree = SDKROOT; };
		620114F01B51CDC800EDF945 /* SystemConfiguration.framework */ = {isa = PBXFileReference; lastKnownFileType = wrapper.framework; name = SystemConfiguration.framework; path = System/Library/Frameworks/SystemConfiguration.framework; sourceTree = SDKROOT; };
		620114F21B51CDD400EDF945 /* libz.dylib */ = {isa = PBXFileReference; lastKnownFileType = "compiled.mach-o.dylib"; name = libz.dylib; path = usr/lib/libz.dylib; sourceTree = SDKROOT; };
		620114F41B51CDE000EDF945 /* libsqlite3.dylib */ = {isa = PBXFileReference; lastKnownFileType = "compiled.mach-o.dylib"; name = libsqlite3.dylib; path = usr/lib/libsqlite3.dylib; sourceTree = SDKROOT; };
		620114F61B51CDEC00EDF945 /* Accounts.framework */ = {isa = PBXFileReference; lastKnownFileType = wrapper.framework; name = Accounts.framework; path = System/Library/Frameworks/Accounts.framework; sourceTree = SDKROOT; };
		620114F81B51CDF700EDF945 /* Social.framework */ = {isa = PBXFileReference; lastKnownFileType = wrapper.framework; name = Social.framework; path = System/Library/Frameworks/Social.framework; sourceTree = SDKROOT; };
		620114FA1B51CE1900EDF945 /* parse-library-1 */ = {isa = PBXFileReference; lastKnownFileType = folder; path = "parse-library-1"; sourceTree = "<group>"; };
		620114FC1B51CF0D00EDF945 /* Bolts.framework */ = {isa = PBXFileReference; lastKnownFileType = wrapper.framework; name = Bolts.framework; path = "../../Downloads/parse-library-1/Bolts.framework"; sourceTree = "<group>"; };
		620114FD1B51CF0D00EDF945 /* Parse.framework */ = {isa = PBXFileReference; lastKnownFileType = wrapper.framework; name = Parse.framework; path = "../../Downloads/parse-library-1/Parse.framework"; sourceTree = "<group>"; };
		620114FE1B51CF0D00EDF945 /* ParseCrashReporting.framework */ = {isa = PBXFileReference; lastKnownFileType = wrapper.framework; name = ParseCrashReporting.framework; path = "../../Downloads/parse-library-1/ParseCrashReporting.framework"; sourceTree = "<group>"; };
		620114FF1B51CF0D00EDF945 /* ParseFacebookUtils.framework */ = {isa = PBXFileReference; lastKnownFileType = wrapper.framework; name = ParseFacebookUtils.framework; path = "../../Downloads/parse-library-1/ParseFacebookUtils.framework"; sourceTree = "<group>"; };
		620115001B51CF0D00EDF945 /* ParseFacebookUtilsV4.framework */ = {isa = PBXFileReference; lastKnownFileType = wrapper.framework; name = ParseFacebookUtilsV4.framework; path = "../../Downloads/parse-library-1/ParseFacebookUtilsV4.framework"; sourceTree = "<group>"; };
		620115011B51CF0D00EDF945 /* ParseUI.framework */ = {isa = PBXFileReference; lastKnownFileType = wrapper.framework; name = ParseUI.framework; path = "../../Downloads/parse-library-1/ParseUI.framework"; sourceTree = "<group>"; };
/* End PBXFileReference section */

/* Begin PBXFrameworksBuildPhase section */
		620114B11B50E03600EDF945 /* Frameworks */ = {
			isa = PBXFrameworksBuildPhase;
			buildActionMask = 2147483647;
			files = (
				620115021B51CF0D00EDF945 /* Bolts.framework in Frameworks */,
				620115031B51CF0D00EDF945 /* Parse.framework in Frameworks */,
				620115041B51CF0D00EDF945 /* ParseCrashReporting.framework in Frameworks */,
				620115051B51CF0D00EDF945 /* ParseFacebookUtils.framework in Frameworks */,
				620115061B51CF0D00EDF945 /* ParseFacebookUtilsV4.framework in Frameworks */,
				620115071B51CF0D00EDF945 /* ParseUI.framework in Frameworks */,
				620114F91B51CDF700EDF945 /* Social.framework in Frameworks */,
				620114F71B51CDEC00EDF945 /* Accounts.framework in Frameworks */,
				620114F51B51CDE000EDF945 /* libsqlite3.dylib in Frameworks */,
				620114F31B51CDD400EDF945 /* libz.dylib in Frameworks */,
				620114F11B51CDC800EDF945 /* SystemConfiguration.framework in Frameworks */,
				620114EF1B51CDBF00EDF945 /* StoreKit.framework in Frameworks */,
				620114ED1B51CDBA00EDF945 /* Security.framework in Frameworks */,
				620114EB1B51CDB300EDF945 /* QuartzCore.framework in Frameworks */,
				620114E91B51CDAD00EDF945 /* MobileCoreServices.framework in Frameworks */,
				620114E71B51CDA200EDF945 /* CoreLocation.framework in Frameworks */,
				620114E51B51CD9B00EDF945 /* CoreGraphics.framework in Frameworks */,
				620114E31B51CD9600EDF945 /* CFNetwork.framework in Frameworks */,
				620114E11B51CD8F00EDF945 /* AudioToolbox.framework in Frameworks */,
			);
			runOnlyForDeploymentPostprocessing = 0;
		};
		620114CD1B50E03600EDF945 /* Frameworks */ = {
			isa = PBXFrameworksBuildPhase;
			buildActionMask = 2147483647;
			files = (
			);
			runOnlyForDeploymentPostprocessing = 0;
		};
/* End PBXFrameworksBuildPhase section */

/* Begin PBXGroup section */
		620114AB1B50E03500EDF945 = {
			isa = PBXGroup;
			children = (
				620114FC1B51CF0D00EDF945 /* Bolts.framework */,
				620114FD1B51CF0D00EDF945 /* Parse.framework */,
				620114FE1B51CF0D00EDF945 /* ParseCrashReporting.framework */,
				620114FF1B51CF0D00EDF945 /* ParseFacebookUtils.framework */,
				620115001B51CF0D00EDF945 /* ParseFacebookUtilsV4.framework */,
				620115011B51CF0D00EDF945 /* ParseUI.framework */,
				620114F81B51CDF700EDF945 /* Social.framework */,
				620114F61B51CDEC00EDF945 /* Accounts.framework */,
				620114F41B51CDE000EDF945 /* libsqlite3.dylib */,
				620114F21B51CDD400EDF945 /* libz.dylib */,
				620114F01B51CDC800EDF945 /* SystemConfiguration.framework */,
				620114EE1B51CDBF00EDF945 /* StoreKit.framework */,
				620114EC1B51CDBA00EDF945 /* Security.framework */,
				620114EA1B51CDB300EDF945 /* QuartzCore.framework */,
				620114E81B51CDAD00EDF945 /* MobileCoreServices.framework */,
				620114E61B51CDA200EDF945 /* CoreLocation.framework */,
				620114E41B51CD9B00EDF945 /* CoreGraphics.framework */,
				620114E21B51CD9600EDF945 /* CFNetwork.framework */,
				620114E01B51CD8F00EDF945 /* AudioToolbox.framework */,
				620114FA1B51CE1900EDF945 /* parse-library-1 */,
				620114B61B50E03600EDF945 /* Crossroads */,
				620114D31B50E03600EDF945 /* CrossroadsTests */,
				620114B51B50E03600EDF945 /* Products */,
			);
			sourceTree = "<group>";
		};
		620114B51B50E03600EDF945 /* Products */ = {
			isa = PBXGroup;
			children = (
				620114B41B50E03600EDF945 /* Crossroads.app */,
				620114D01B50E03600EDF945 /* CrossroadsTests.xctest */,
			);
			name = Products;
			sourceTree = "<group>";
		};
		620114B61B50E03600EDF945 /* Crossroads */ = {
			isa = PBXGroup;
			children = (
				620114BB1B50E03600EDF945 /* AppDelegate.h */,
				620114BC1B50E03600EDF945 /* AppDelegate.m */,
				620114C11B50E03600EDF945 /* InitialViewController.h */,
				620114C21B50E03600EDF945 /* InitialViewController.m */,
				620114C41B50E03600EDF945 /* Main.storyboard */,
				620114C71B50E03600EDF945 /* Images.xcassets */,
				620114C91B50E03600EDF945 /* LaunchScreen.xib */,
				620114BE1B50E03600EDF945 /* Crossroads.xcdatamodeld */,
				620114B71B50E03600EDF945 /* Supporting Files */,
			);
			path = Crossroads;
			sourceTree = "<group>";
		};
		620114B71B50E03600EDF945 /* Supporting Files */ = {
			isa = PBXGroup;
			children = (
				620114B81B50E03600EDF945 /* Info.plist */,
				620114B91B50E03600EDF945 /* main.m */,
			);
			name = "Supporting Files";
			sourceTree = "<group>";
		};
		620114D31B50E03600EDF945 /* CrossroadsTests */ = {
			isa = PBXGroup;
			children = (
				620114D61B50E03600EDF945 /* CrossroadsTests.m */,
				620114D41B50E03600EDF945 /* Supporting Files */,
			);
			path = CrossroadsTests;
			sourceTree = "<group>";
		};
		620114D41B50E03600EDF945 /* Supporting Files */ = {
			isa = PBXGroup;
			children = (
				620114D51B50E03600EDF945 /* Info.plist */,
			);
			name = "Supporting Files";
			sourceTree = "<group>";
		};
/* End PBXGroup section */

/* Begin PBXNativeTarget section */
		620114B31B50E03600EDF945 /* Crossroads */ = {
			isa = PBXNativeTarget;
			buildConfigurationList = 620114DA1B50E03600EDF945 /* Build configuration list for PBXNativeTarget "Crossroads" */;
			buildPhases = (
				620114B01B50E03600EDF945 /* Sources */,
				620114B11B50E03600EDF945 /* Frameworks */,
				620114B21B50E03600EDF945 /* Resources */,
			);
			buildRules = (
			);
			dependencies = (
			);
			name = Crossroads;
			productName = Crossroads;
			productReference = 620114B41B50E03600EDF945 /* Crossroads.app */;
			productType = "com.apple.product-type.application";
		};
		620114CF1B50E03600EDF945 /* CrossroadsTests */ = {
			isa = PBXNativeTarget;
			buildConfigurationList = 620114DD1B50E03600EDF945 /* Build configuration list for PBXNativeTarget "CrossroadsTests" */;
			buildPhases = (
				620114CC1B50E03600EDF945 /* Sources */,
				620114CD1B50E03600EDF945 /* Frameworks */,
				620114CE1B50E03600EDF945 /* Resources */,
			);
			buildRules = (
			);
			dependencies = (
				620114D21B50E03600EDF945 /* PBXTargetDependency */,
			);
			name = CrossroadsTests;
			productName = CrossroadsTests;
			productReference = 620114D01B50E03600EDF945 /* CrossroadsTests.xctest */;
			productType = "com.apple.product-type.bundle.unit-test";
		};
/* End PBXNativeTarget section */

/* Begin PBXProject section */
		620114AC1B50E03500EDF945 /* Project object */ = {
			isa = PBXProject;
			attributes = {
				LastUpgradeCheck = 0640;
				ORGANIZATIONNAME = "Mary Jenel Myers";
				TargetAttributes = {
					620114B31B50E03600EDF945 = {
						CreatedOnToolsVersion = 6.4;
					};
					620114CF1B50E03600EDF945 = {
						CreatedOnToolsVersion = 6.4;
						TestTargetID = 620114B31B50E03600EDF945;
					};
				};
			};
			buildConfigurationList = 620114AF1B50E03500EDF945 /* Build configuration list for PBXProject "Crossroads" */;
			compatibilityVersion = "Xcode 3.2";
			developmentRegion = English;
			hasScannedForEncodings = 0;
			knownRegions = (
				en,
				Base,
			);
			mainGroup = 620114AB1B50E03500EDF945;
			productRefGroup = 620114B51B50E03600EDF945 /* Products */;
			projectDirPath = "";
			projectRoot = "";
			targets = (
				620114B31B50E03600EDF945 /* Crossroads */,
				620114CF1B50E03600EDF945 /* CrossroadsTests */,
			);
		};
/* End PBXProject section */

/* Begin PBXResourcesBuildPhase section */
		620114B21B50E03600EDF945 /* Resources */ = {
			isa = PBXResourcesBuildPhase;
			buildActionMask = 2147483647;
			files = (
				620114C61B50E03600EDF945 /* Main.storyboard in Resources */,
				620114CB1B50E03600EDF945 /* LaunchScreen.xib in Resources */,
				620114FB1B51CE1900EDF945 /* parse-library-1 in Resources */,
				620114C81B50E03600EDF945 /* Images.xcassets in Resources */,
			);
			runOnlyForDeploymentPostprocessing = 0;
		};
		620114CE1B50E03600EDF945 /* Resources */ = {
			isa = PBXResourcesBuildPhase;
			buildActionMask = 2147483647;
			files = (
			);
			runOnlyForDeploymentPostprocessing = 0;
		};
/* End PBXResourcesBuildPhase section */

/* Begin PBXSourcesBuildPhase section */
		620114B01B50E03600EDF945 /* Sources */ = {
			isa = PBXSourcesBuildPhase;
			buildActionMask = 2147483647;
			files = (
				620114BD1B50E03600EDF945 /* AppDelegate.m in Sources */,
				620114BA1B50E03600EDF945 /* main.m in Sources */,
				620114C31B50E03600EDF945 /* InitialViewController.m in Sources */,
				620114C01B50E03600EDF945 /* Crossroads.xcdatamodeld in Sources */,
			);
			runOnlyForDeploymentPostprocessing = 0;
		};
		620114CC1B50E03600EDF945 /* Sources */ = {
			isa = PBXSourcesBuildPhase;
			buildActionMask = 2147483647;
			files = (
				620114D71B50E03600EDF945 /* CrossroadsTests.m in Sources */,
			);
			runOnlyForDeploymentPostprocessing = 0;
		};
/* End PBXSourcesBuildPhase section */

/* Begin PBXTargetDependency section */
		620114D21B50E03600EDF945 /* PBXTargetDependency */ = {
			isa = PBXTargetDependency;
			target = 620114B31B50E03600EDF945 /* Crossroads */;
			targetProxy = 620114D11B50E03600EDF945 /* PBXContainerItemProxy */;
		};
/* End PBXTargetDependency section */

/* Begin PBXVariantGroup section */
		620114C41B50E03600EDF945 /* Main.storyboard */ = {
			isa = PBXVariantGroup;
			children = (
				620114C51B50E03600EDF945 /* Base */,
			);
			name = Main.storyboard;
			sourceTree = "<group>";
		};
		620114C91B50E03600EDF945 /* LaunchScreen.xib */ = {
			isa = PBXVariantGroup;
			children = (
				620114CA1B50E03600EDF945 /* Base */,
			);
			name = LaunchScreen.xib;
			sourceTree = "<group>";
		};
/* End PBXVariantGroup section */

/* Begin XCBuildConfiguration section */
		620114D81B50E03600EDF945 /* Debug */ = {
			isa = XCBuildConfiguration;
			buildSettings = {
				ALWAYS_SEARCH_USER_PATHS = NO;
				CLANG_CXX_LANGUAGE_STANDARD = "gnu++0x";
				CLANG_CXX_LIBRARY = "libc++";
				CLANG_ENABLE_MODULES = YES;
				CLANG_ENABLE_OBJC_ARC = YES;
				CLANG_WARN_BOOL_CONVERSION = YES;
				CLANG_WARN_CONSTANT_CONVERSION = YES;
				CLANG_WARN_DIRECT_OBJC_ISA_USAGE = YES_ERROR;
				CLANG_WARN_EMPTY_BODY = YES;
				CLANG_WARN_ENUM_CONVERSION = YES;
				CLANG_WARN_INT_CONVERSION = YES;
				CLANG_WARN_OBJC_ROOT_CLASS = YES_ERROR;
				CLANG_WARN_UNREACHABLE_CODE = YES;
				CLANG_WARN__DUPLICATE_METHOD_MATCH = YES;
				"CODE_SIGN_IDENTITY[sdk=iphoneos*]" = "iPhone Developer";
				COPY_PHASE_STRIP = NO;
				DEBUG_INFORMATION_FORMAT = "dwarf-with-dsym";
				ENABLE_STRICT_OBJC_MSGSEND = YES;
				GCC_C_LANGUAGE_STANDARD = gnu99;
				GCC_DYNAMIC_NO_PIC = NO;
				GCC_NO_COMMON_BLOCKS = YES;
				GCC_OPTIMIZATION_LEVEL = 0;
				GCC_PREPROCESSOR_DEFINITIONS = (
					"DEBUG=1",
					"$(inherited)",
				);
				GCC_SYMBOLS_PRIVATE_EXTERN = NO;
				GCC_WARN_64_TO_32_BIT_CONVERSION = YES;
				GCC_WARN_ABOUT_RETURN_TYPE = YES_ERROR;
				GCC_WARN_UNDECLARED_SELECTOR = YES;
				GCC_WARN_UNINITIALIZED_AUTOS = YES_AGGRESSIVE;
				GCC_WARN_UNUSED_FUNCTION = YES;
				GCC_WARN_UNUSED_VARIABLE = YES;
				IPHONEOS_DEPLOYMENT_TARGET = 8.4;
				MTL_ENABLE_DEBUG_INFO = YES;
				ONLY_ACTIVE_ARCH = YES;
				SDKROOT = iphoneos;
			};
			name = Debug;
		};
		620114D91B50E03600EDF945 /* Release */ = {
			isa = XCBuildConfiguration;
			buildSettings = {
				ALWAYS_SEARCH_USER_PATHS = NO;
				CLANG_CXX_LANGUAGE_STANDARD = "gnu++0x";
				CLANG_CXX_LIBRARY = "libc++";
				CLANG_ENABLE_MODULES = YES;
				CLANG_ENABLE_OBJC_ARC = YES;
				CLANG_WARN_BOOL_CONVERSION = YES;
				CLANG_WARN_CONSTANT_CONVERSION = YES;
				CLANG_WARN_DIRECT_OBJC_ISA_USAGE = YES_ERROR;
				CLANG_WARN_EMPTY_BODY = YES;
				CLANG_WARN_ENUM_CONVERSION = YES;
				CLANG_WARN_INT_CONVERSION = YES;
				CLANG_WARN_OBJC_ROOT_CLASS = YES_ERROR;
				CLANG_WARN_UNREACHABLE_CODE = YES;
				CLANG_WARN__DUPLICATE_METHOD_MATCH = YES;
				"CODE_SIGN_IDENTITY[sdk=iphoneos*]" = "iPhone Developer";
				COPY_PHASE_STRIP = NO;
				DEBUG_INFORMATION_FORMAT = "dwarf-with-dsym";
				ENABLE_NS_ASSERTIONS = NO;
				ENABLE_STRICT_OBJC_MSGSEND = YES;
				GCC_C_LANGUAGE_STANDARD = gnu99;
				GCC_NO_COMMON_BLOCKS = YES;
				GCC_WARN_64_TO_32_BIT_CONVERSION = YES;
				GCC_WARN_ABOUT_RETURN_TYPE = YES_ERROR;
				GCC_WARN_UNDECLARED_SELECTOR = YES;
				GCC_WARN_UNINITIALIZED_AUTOS = YES_AGGRESSIVE;
				GCC_WARN_UNUSED_FUNCTION = YES;
				GCC_WARN_UNUSED_VARIABLE = YES;
				IPHONEOS_DEPLOYMENT_TARGET = 8.4;
				MTL_ENABLE_DEBUG_INFO = NO;
				SDKROOT = iphoneos;
				VALIDATE_PRODUCT = YES;
			};
			name = Release;
		};
		620114DB1B50E03600EDF945 /* Debug */ = {
			isa = XCBuildConfiguration;
			buildSettings = {
				ASSETCATALOG_COMPILER_APPICON_NAME = AppIcon;
				FRAMEWORK_SEARCH_PATHS = (
					"$(inherited)",
					"/Users/maryjenelmyers/Downloads/parse-library-1",
				);
				INFOPLIST_FILE = Crossroads/Info.plist;
				LD_RUNPATH_SEARCH_PATHS = "$(inherited) @executable_path/Frameworks";
				PRODUCT_NAME = "$(TARGET_NAME)";
			};
			name = Debug;
		};
		620114DC1B50E03600EDF945 /* Release */ = {
			isa = XCBuildConfiguration;
			buildSettings = {
				ASSETCATALOG_COMPILER_APPICON_NAME = AppIcon;
				FRAMEWORK_SEARCH_PATHS = (
					"$(inherited)",
					"/Users/maryjenelmyers/Downloads/parse-library-1",
				);
				INFOPLIST_FILE = Crossroads/Info.plist;
				LD_RUNPATH_SEARCH_PATHS = "$(inherited) @executable_path/Frameworks";
				PRODUCT_NAME = "$(TARGET_NAME)";
			};
			name = Release;
		};
		620114DE1B50E03600EDF945 /* Debug */ = {
			isa = XCBuildConfiguration;
			buildSettings = {
				BUNDLE_LOADER = "$(TEST_HOST)";
				FRAMEWORK_SEARCH_PATHS = (
					"$(SDKROOT)/Developer/Library/Frameworks",
					"$(inherited)",
				);
				GCC_PREPROCESSOR_DEFINITIONS = (
					"DEBUG=1",
					"$(inherited)",
				);
				INFOPLIST_FILE = CrossroadsTests/Info.plist;
				LD_RUNPATH_SEARCH_PATHS = "$(inherited) @executable_path/Frameworks @loader_path/Frameworks";
				PRODUCT_NAME = "$(TARGET_NAME)";
				TEST_HOST = "$(BUILT_PRODUCTS_DIR)/Crossroads.app/Crossroads";
			};
			name = Debug;
		};
		620114DF1B50E03600EDF945 /* Release */ = {
			isa = XCBuildConfiguration;
			buildSettings = {
				BUNDLE_LOADER = "$(TEST_HOST)";
				FRAMEWORK_SEARCH_PATHS = (
					"$(SDKROOT)/Developer/Library/Frameworks",
					"$(inherited)",
				);
				INFOPLIST_FILE = CrossroadsTests/Info.plist;
				LD_RUNPATH_SEARCH_PATHS = "$(inherited) @executable_path/Frameworks @loader_path/Frameworks";
				PRODUCT_NAME = "$(TARGET_NAME)";
				TEST_HOST = "$(BUILT_PRODUCTS_DIR)/Crossroads.app/Crossroads";
			};
			name = Release;
		};
/* End XCBuildConfiguration section */

/* Begin XCConfigurationList section */
		620114AF1B50E03500EDF945 /* Build configuration list for PBXProject "Crossroads" */ = {
			isa = XCConfigurationList;
			buildConfigurations = (
				620114D81B50E03600EDF945 /* Debug */,
				620114D91B50E03600EDF945 /* Release */,
			);
			defaultConfigurationIsVisible = 0;
			defaultConfigurationName = Release;
		};
		620114DA1B50E03600EDF945 /* Build configuration list for PBXNativeTarget "Crossroads" */ = {
			isa = XCConfigurationList;
			buildConfigurations = (
				620114DB1B50E03600EDF945 /* Debug */,
				620114DC1B50E03600EDF945 /* Release */,
			);
			defaultConfigurationIsVisible = 0;
			defaultConfigurationName = Release;
		};
		620114DD1B50E03600EDF945 /* Build configuration list for PBXNativeTarget "CrossroadsTests" */ = {
			isa = XCConfigurationList;
			buildConfigurations = (
				620114DE1B50E03600EDF945 /* Debug */,
				620114DF1B50E03600EDF945 /* Release */,
			);
			defaultConfigurationIsVisible = 0;
			defaultConfigurationName = Release;
		};
/* End XCConfigurationList section */

/* Begin XCVersionGroup section */
		620114BE1B50E03600EDF945 /* Crossroads.xcdatamodeld */ = {
			isa = XCVersionGroup;
			children = (
				620114BF1B50E03600EDF945 /* Crossroads.xcdatamodel */,
			);
			currentVersion = 620114BF1B50E03600EDF945 /* Crossroads.xcdatamodel */;
			path = Crossroads.xcdatamodeld;
			sourceTree = "<group>";
			versionGroupType = wrapper.xcdatamodel;
		};
/* End XCVersionGroup section */
	};
	rootObject = 620114AC1B50E03500EDF945 /* Project object */;
}
